
Microsoft Visual Studio Solution File, Format Version 12.00
# Visual Studio Version 16
VisualStudioVersion = 16.0.29911.84
MinimumVisualStudioVersion = 10.0.40219.1
Project("{FAE04EC0-301F-11D3-BF4B-00C04F79EFBC}") = "Auto_Rename", "Auto_Rename\Auto_Rename.csproj", "{BD4000E7-7692-44E9-A017-4125F9A668BD}"
EndProject
Global
	GlobalSection(SolutionConfigurationPlatforms) = preSolution
		Debug|Any CPU = Debug|Any CPU
		Release|Any CPU = Release|Any CPU
	EndGlobalSection
	GlobalSection(ProjectConfigurationPlatforms) = postSolution
		{BD4000E7-7692-44E9-A017-4125F9A668BD}.Debug|Any CPU.ActiveCfg = Debug|Any CPU
		{BD4000E7-7692-44E9-A017-4125F9A668BD}.Debug|Any CPU.Build.0 = Debug|Any CPU
		{BD4000E7-7692-44E9-A017-4125F9A668BD}.Release|Any CPU.ActiveCfg = Release|Any CPU
		{BD4000E7-7692-44E9-A017-4125F9A668BD}.Release|Any CPU.Build.0 = Release|Any CPU
	EndGlobalSection
	GlobalSection(SolutionProperties) = preSolution
		HideSolutionNode = FALSE
	EndGlobalSection
	GlobalSection(ExtensibilityGlobals) = postSolution
		SolutionGuid = {03BD7001-65BF-4F40-9A10-2208266B2932}
	EndGlobalSection
EndGlobal
